// !$*UTF8*$!
{
	archiveVersion = 1;
	classes = {
	};
	objectVersion = 55;
	objects = {

/* Begin PBXBuildFile section */
		6B39BD8929706FB000476209 /* AppDelegate.swift in Sources */ = {isa = PBXBuildFile; fileRef = 6B39BD8829706FB000476209 /* AppDelegate.swift */; };
		6B39BD8D29706FB000476209 /* MenuViewController.swift in Sources */ = {isa = PBXBuildFile; fileRef = 6B39BD8C29706FB000476209 /* MenuViewController.swift */; };
		6B39BD9229706FB000476209 /* Assets.xcassets in Resources */ = {isa = PBXBuildFile; fileRef = 6B39BD9129706FB000476209 /* Assets.xcassets */; };
		6B39BD9529706FB000476209 /* LaunchScreen.storyboard in Resources */ = {isa = PBXBuildFile; fileRef = 6B39BD9329706FB000476209 /* LaunchScreen.storyboard */; };
		6B39BDA12970716C00476209 /* UIView+Extension.swift in Sources */ = {isa = PBXBuildFile; fileRef = 6B39BDA02970716C00476209 /* UIView+Extension.swift */; };
		6B39BDA4297071D000476209 /* Recipe.swift in Sources */ = {isa = PBXBuildFile; fileRef = 6B39BDA3297071D000476209 /* Recipe.swift */; };
		6B39BDA72970722200476209 /* MenuScreenView.swift in Sources */ = {isa = PBXBuildFile; fileRef = 6B39BDA62970722200476209 /* MenuScreenView.swift */; };
		6B39BDAA2970724E00476209 /* BaseView.swift in Sources */ = {isa = PBXBuildFile; fileRef = 6B39BDA92970724E00476209 /* BaseView.swift */; };
		6B39BDAC2970740300476209 /* RegisterViewController.swift in Sources */ = {isa = PBXBuildFile; fileRef = 6B39BDAB2970740300476209 /* RegisterViewController.swift */; };
		6B39BDAE2970742100476209 /* RegisterScreenView.swift in Sources */ = {isa = PBXBuildFile; fileRef = 6B39BDAD2970742100476209 /* RegisterScreenView.swift */; };
		6B39BDB02970761700476209 /* ListRecipeViewController.swift in Sources */ = {isa = PBXBuildFile; fileRef = 6B39BDAF2970761700476209 /* ListRecipeViewController.swift */; };
		6B39BDB22970763900476209 /* ListRecipeScreenView.swift in Sources */ = {isa = PBXBuildFile; fileRef = 6B39BDB12970763900476209 /* ListRecipeScreenView.swift */; };
		6B39BDB42970777500476209 /* BaseCell.swift in Sources */ = {isa = PBXBuildFile; fileRef = 6B39BDB32970777500476209 /* BaseCell.swift */; };
		6B39BDB6297077BB00476209 /* ListRecipeCollectionViewCell.swift in Sources */ = {isa = PBXBuildFile; fileRef = 6B39BDB5297077BB00476209 /* ListRecipeCollectionViewCell.swift */; };
		6B39BDB82970793F00476209 /* DetailsRecipeViewController.swift in Sources */ = {isa = PBXBuildFile; fileRef = 6B39BDB72970793F00476209 /* DetailsRecipeViewController.swift */; };
		6B39BDBA29707FA700476209 /* DetailsScreenView.swift in Sources */ = {isa = PBXBuildFile; fileRef = 6B39BDB929707FA700476209 /* DetailsScreenView.swift */; };
/* End PBXBuildFile section */

/* Begin PBXFileReference section */
		6B39BD8529706FB000476209 /* CorrecaoProvaiOS.app */ = {isa = PBXFileReference; explicitFileType = wrapper.application; includeInIndex = 0; path = CorrecaoProvaiOS.app; sourceTree = BUILT_PRODUCTS_DIR; };
		6B39BD8829706FB000476209 /* AppDelegate.swift */ = {isa = PBXFileReference; lastKnownFileType = sourcecode.swift; path = AppDelegate.swift; sourceTree = "<group>"; };
		6B39BD8C29706FB000476209 /* MenuViewController.swift */ = {isa = PBXFileReference; lastKnownFileType = sourcecode.swift; path = MenuViewController.swift; sourceTree = "<group>"; };
		6B39BD9129706FB000476209 /* Assets.xcassets */ = {isa = PBXFileReference; lastKnownFileType = folder.assetcatalog; path = Assets.xcassets; sourceTree = "<group>"; };
		6B39BD9429706FB000476209 /* Base */ = {isa = PBXFileReference; lastKnownFileType = file.storyboard; name = Base; path = Base.lproj/LaunchScreen.storyboard; sourceTree = "<group>"; };
		6B39BD9629706FB000476209 /* Info.plist */ = {isa = PBXFileReference; lastKnownFileType = text.plist.xml; path = Info.plist; sourceTree = "<group>"; };
		6B39BDA02970716C00476209 /* UIView+Extension.swift */ = {isa = PBXFileReference; lastKnownFileType = sourcecode.swift; path = "UIView+Extension.swift"; sourceTree = "<group>"; };
		6B39BDA3297071D000476209 /* Recipe.swift */ = {isa = PBXFileReference; lastKnownFileType = sourcecode.swift; path = Recipe.swift; sourceTree = "<group>"; };
		6B39BDA62970722200476209 /* MenuScreenView.swift */ = {isa = PBXFileReference; lastKnownFileType = sourcecode.swift; path = MenuScreenView.swift; sourceTree = "<group>"; };
		6B39BDA92970724E00476209 /* BaseView.swift */ = {isa = PBXFileReference; lastKnownFileType = sourcecode.swift; path = BaseView.swift; sourceTree = "<group>"; };
		6B39BDAB2970740300476209 /* RegisterViewController.swift */ = {isa = PBXFileReference; lastKnownFileType = sourcecode.swift; path = RegisterViewController.swift; sourceTree = "<group>"; };
		6B39BDAD2970742100476209 /* RegisterScreenView.swift */ = {isa = PBXFileReference; lastKnownFileType = sourcecode.swift; path = RegisterScreenView.swift; sourceTree = "<group>"; };
		6B39BDAF2970761700476209 /* ListRecipeViewController.swift */ = {isa = PBXFileReference; lastKnownFileType = sourcecode.swift; path = ListRecipeViewController.swift; sourceTree = "<group>"; };
		6B39BDB12970763900476209 /* ListRecipeScreenView.swift */ = {isa = PBXFileReference; lastKnownFileType = sourcecode.swift; path = ListRecipeScreenView.swift; sourceTree = "<group>"; };
		6B39BDB32970777500476209 /* BaseCell.swift */ = {isa = PBXFileReference; lastKnownFileType = sourcecode.swift; path = BaseCell.swift; sourceTree = "<group>"; };
		6B39BDB5297077BB00476209 /* ListRecipeCollectionViewCell.swift */ = {isa = PBXFileReference; lastKnownFileType = sourcecode.swift; path = ListRecipeCollectionViewCell.swift; sourceTree = "<group>"; };
		6B39BDB72970793F00476209 /* DetailsRecipeViewController.swift */ = {isa = PBXFileReference; lastKnownFileType = sourcecode.swift; path = DetailsRecipeViewController.swift; sourceTree = "<group>"; };
		6B39BDB929707FA700476209 /* DetailsScreenView.swift */ = {isa = PBXFileReference; lastKnownFileType = sourcecode.swift; path = DetailsScreenView.swift; sourceTree = "<group>"; };
/* End PBXFileReference section */

/* Begin PBXFrameworksBuildPhase section */
		6B39BD8229706FB000476209 /* Frameworks */ = {
			isa = PBXFrameworksBuildPhase;
			buildActionMask = 2147483647;
			files = (
			);
			runOnlyForDeploymentPostprocessing = 0;
		};
/* End PBXFrameworksBuildPhase section */

/* Begin PBXGroup section */
		6B39BD7C29706FB000476209 = {
			isa = PBXGroup;
			children = (
				6B39BD8729706FB000476209 /* CorrecaoProvaiOS */,
				6B39BD8629706FB000476209 /* Products */,
			);
			sourceTree = "<group>";
		};
		6B39BD8629706FB000476209 /* Products */ = {
			isa = PBXGroup;
			children = (
				6B39BD8529706FB000476209 /* CorrecaoProvaiOS.app */,
			);
			name = Products;
			sourceTree = "<group>";
		};
		6B39BD8729706FB000476209 /* CorrecaoProvaiOS */ = {
			isa = PBXGroup;
			children = (
				6B39BD9F2970715C00476209 /* Resources */,
				6B39BD9E2970715100476209 /* ViewModel */,
				6B39BD9D2970714C00476209 /* Model */,
				6B39BD9C2970714600476209 /* View */,
				6B39BD9629706FB000476209 /* Info.plist */,
			);
			path = CorrecaoProvaiOS;
			sourceTree = "<group>";
		};
		6B39BD9C2970714600476209 /* View */ = {
			isa = PBXGroup;
			children = (
				6B39BDA82970724900476209 /* Base */,
				6B39BDA52970721000476209 /* Controller */,
				6B39BDA62970722200476209 /* MenuScreenView.swift */,
				6B39BDAD2970742100476209 /* RegisterScreenView.swift */,
				6B39BDB12970763900476209 /* ListRecipeScreenView.swift */,
				6B39BDB5297077BB00476209 /* ListRecipeCollectionViewCell.swift */,
				6B39BDB929707FA700476209 /* DetailsScreenView.swift */,
			);
			path = View;
			sourceTree = "<group>";
		};
		6B39BD9D2970714C00476209 /* Model */ = {
			isa = PBXGroup;
			children = (
				6B39BDA3297071D000476209 /* Recipe.swift */,
			);
			path = Model;
			sourceTree = "<group>";
		};
		6B39BD9E2970715100476209 /* ViewModel */ = {
			isa = PBXGroup;
			children = (
			);
			path = ViewModel;
			sourceTree = "<group>";
		};
		6B39BD9F2970715C00476209 /* Resources */ = {
			isa = PBXGroup;
			children = (
				6B39BD8829706FB000476209 /* AppDelegate.swift */,
				6B39BD9129706FB000476209 /* Assets.xcassets */,
				6B39BD9329706FB000476209 /* LaunchScreen.storyboard */,
				6B39BDA02970716C00476209 /* UIView+Extension.swift */,
			);
			path = Resources;
			sourceTree = "<group>";
		};
		6B39BDA52970721000476209 /* Controller */ = {
			isa = PBXGroup;
			children = (
				6B39BD8C29706FB000476209 /* MenuViewController.swift */,
				6B39BDAB2970740300476209 /* RegisterViewController.swift */,
				6B39BDAF2970761700476209 /* ListRecipeViewController.swift */,
				6B39BDB72970793F00476209 /* DetailsRecipeViewController.swift */,
			);
			path = Controller;
			sourceTree = "<group>";
		};
		6B39BDA82970724900476209 /* Base */ = {
			isa = PBXGroup;
			children = (
				6B39BDA92970724E00476209 /* BaseView.swift */,
				6B39BDB32970777500476209 /* BaseCell.swift */,
			);
			path = Base;
			sourceTree = "<group>";
		};
/* End PBXGroup section */

/* Begin PBXNativeTarget section */
		6B39BD8429706FB000476209 /* CorrecaoProvaiOS */ = {
			isa = PBXNativeTarget;
			buildConfigurationList = 6B39BD9929706FB000476209 /* Build configuration list for PBXNativeTarget "CorrecaoProvaiOS" */;
			buildPhases = (
				6B39BD8129706FB000476209 /* Sources */,
				6B39BD8229706FB000476209 /* Frameworks */,
				6B39BD8329706FB000476209 /* Resources */,
			);
			buildRules = (
			);
			dependencies = (
			);
			name = CorrecaoProvaiOS;
			productName = CorrecaoProvaiOS;
			productReference = 6B39BD8529706FB000476209 /* CorrecaoProvaiOS.app */;
			productType = "com.apple.product-type.application";
		};
/* End PBXNativeTarget section */

/* Begin PBXProject section */
		6B39BD7D29706FB000476209 /* Project object */ = {
			isa = PBXProject;
			attributes = {
				BuildIndependentTargetsInParallel = 1;
				LastSwiftUpdateCheck = 1340;
				LastUpgradeCheck = 1340;
				TargetAttributes = {
					6B39BD8429706FB000476209 = {
						CreatedOnToolsVersion = 13.4.1;
					};
				};
			};
			buildConfigurationList = 6B39BD8029706FB000476209 /* Build configuration list for PBXProject "CorrecaoProvaiOS" */;
			compatibilityVersion = "Xcode 13.0";
			developmentRegion = en;
			hasScannedForEncodings = 0;
			knownRegions = (
				en,
				Base,
			);
			mainGroup = 6B39BD7C29706FB000476209;
			productRefGroup = 6B39BD8629706FB000476209 /* Products */;
			projectDirPath = "";
			projectRoot = "";
			targets = (
				6B39BD8429706FB000476209 /* CorrecaoProvaiOS */,
			);
		};
/* End PBXProject section */

/* Begin PBXResourcesBuildPhase section */
		6B39BD8329706FB000476209 /* Resources */ = {
			isa = PBXResourcesBuildPhase;
			buildActionMask = 2147483647;
			files = (
				6B39BD9529706FB000476209 /* LaunchScreen.storyboard in Resources */,
				6B39BD9229706FB000476209 /* Assets.xcassets in Resources */,
			);
			runOnlyForDeploymentPostprocessing = 0;
		};
/* End PBXResourcesBuildPhase section */

/* Begin PBXSourcesBuildPhase section */
		6B39BD8129706FB000476209 /* Sources */ = {
			isa = PBXSourcesBuildPhase;
			buildActionMask = 2147483647;
			files = (
				6B39BDA12970716C00476209 /* UIView+Extension.swift in Sources */,
				6B39BD8D29706FB000476209 /* MenuViewController.swift in Sources */,
				6B39BDB22970763900476209 /* ListRecipeScreenView.swift in Sources */,
				6B39BDAC2970740300476209 /* RegisterViewController.swift in Sources */,
				6B39BDB6297077BB00476209 /* ListRecipeCollectionViewCell.swift in Sources */,
				6B39BDAE2970742100476209 /* RegisterScreenView.swift in Sources */,
				6B39BDB02970761700476209 /* ListRecipeViewController.swift in Sources */,
				6B39BD8929706FB000476209 /* AppDelegate.swift in Sources */,
				6B39BDB42970777500476209 /* BaseCell.swift in Sources */,
				6B39BDAA2970724E00476209 /* BaseView.swift in Sources */,
				6B39BDB82970793F00476209 /* DetailsRecipeViewController.swift in Sources */,
				6B39BDA72970722200476209 /* MenuScreenView.swift in Sources */,
				6B39BDA4297071D000476209 /* Recipe.swift in Sources */,
				6B39BDBA29707FA700476209 /* DetailsScreenView.swift in Sources */,
			);
			runOnlyForDeploymentPostprocessing = 0;
		};
/* End PBXSourcesBuildPhase section */

/* Begin PBXVariantGroup section */
		6B39BD9329706FB000476209 /* LaunchScreen.storyboard */ = {
			isa = PBXVariantGroup;
			children = (
				6B39BD9429706FB000476209 /* Base */,
			);
			name = LaunchScreen.storyboard;
			sourceTree = "<group>";
		};
/* End PBXVariantGroup section */

/* Begin XCBuildConfiguration section */
		6B39BD9729706FB000476209 /* Debug */ = {
			isa = XCBuildConfiguration;
			buildSettings = {
				ALWAYS_SEARCH_USER_PATHS = NO;
				CLANG_ANALYZER_NONNULL = YES;
				CLANG_ANALYZER_NUMBER_OBJECT_CONVERSION = YES_AGGRESSIVE;
				CLANG_CXX_LANGUAGE_STANDARD = "gnu++17";
				CLANG_ENABLE_MODULES = YES;
				CLANG_ENABLE_OBJC_ARC = YES;
				CLANG_ENABLE_OBJC_WEAK = YES;
				CLANG_WARN_BLOCK_CAPTURE_AUTORELEASING = YES;
				CLANG_WARN_BOOL_CONVERSION = YES;
				CLANG_WARN_COMMA = YES;
				CLANG_WARN_CONSTANT_CONVERSION = YES;
				CLANG_WARN_DEPRECATED_OBJC_IMPLEMENTATIONS = YES;
				CLANG_WARN_DIRECT_OBJC_ISA_USAGE = YES_ERROR;
				CLANG_WARN_DOCUMENTATION_COMMENTS = YES;
				CLANG_WARN_EMPTY_BODY = YES;
				CLANG_WARN_ENUM_CONVERSION = YES;
				CLANG_WARN_INFINITE_RECURSION = YES;
				CLANG_WARN_INT_CONVERSION = YES;
				CLANG_WARN_NON_LITERAL_NULL_CONVERSION = YES;
				CLANG_WARN_OBJC_IMPLICIT_RETAIN_SELF = YES;
				CLANG_WARN_OBJC_LITERAL_CONVERSION = YES;
				CLANG_WARN_OBJC_ROOT_CLASS = YES_ERROR;
				CLANG_WARN_QUOTED_INCLUDE_IN_FRAMEWORK_HEADER = YES;
				CLANG_WARN_RANGE_LOOP_ANALYSIS = YES;
				CLANG_WARN_STRICT_PROTOTYPES = YES;
				CLANG_WARN_SUSPICIOUS_MOVE = YES;
				CLANG_WARN_UNGUARDED_AVAILABILITY = YES_AGGRESSIVE;
				CLANG_WARN_UNREACHABLE_CODE = YES;
				CLANG_WARN__DUPLICATE_METHOD_MATCH = YES;
				COPY_PHASE_STRIP = NO;
				DEBUG_INFORMATION_FORMAT = dwarf;
				ENABLE_STRICT_OBJC_MSGSEND = YES;
				ENABLE_TESTABILITY = YES;
				GCC_C_LANGUAGE_STANDARD = gnu11;
				GCC_DYNAMIC_NO_PIC = NO;
				GCC_NO_COMMON_BLOCKS = YES;
				GCC_OPTIMIZATION_LEVEL = 0;
				GCC_PREPROCESSOR_DEFINITIONS = (
					"DEBUG=1",
					"$(inherited)",
				);
				GCC_WARN_64_TO_32_BIT_CONVERSION = YES;
				GCC_WARN_ABOUT_RETURN_TYPE = YES_ERROR;
				GCC_WARN_UNDECLARED_SELECTOR = YES;
				GCC_WARN_UNINITIALIZED_AUTOS = YES_AGGRESSIVE;
				GCC_WARN_UNUSED_FUNCTION = YES;
				GCC_WARN_UNUSED_VARIABLE = YES;
				IPHONEOS_DEPLOYMENT_TARGET = 15.5;
				MTL_ENABLE_DEBUG_INFO = INCLUDE_SOURCE;
				MTL_FAST_MATH = YES;
				ONLY_ACTIVE_ARCH = YES;
				SDKROOT = iphoneos;
				SWIFT_ACTIVE_COMPILATION_CONDITIONS = DEBUG;
				SWIFT_OPTIMIZATION_LEVEL = "-Onone";
			};
			name = Debug;
		};
		6B39BD9829706FB000476209 /* Release */ = {
			isa = XCBuildConfiguration;
			buildSettings = {
				ALWAYS_SEARCH_USER_PATHS = NO;
				CLANG_ANALYZER_NONNULL = YES;
				CLANG_ANALYZER_NUMBER_OBJECT_CONVERSION = YES_AGGRESSIVE;
				CLANG_CXX_LANGUAGE_STANDARD = "gnu++17";
				CLANG_ENABLE_MODULES = YES;
				CLANG_ENABLE_OBJC_ARC = YES;
				CLANG_ENABLE_OBJC_WEAK = YES;
				CLANG_WARN_BLOCK_CAPTURE_AUTORELEASING = YES;
				CLANG_WARN_BOOL_CONVERSION = YES;
				CLANG_WARN_COMMA = YES;
				CLANG_WARN_CONSTANT_CONVERSION = YES;
				CLANG_WARN_DEPRECATED_OBJC_IMPLEMENTATIONS = YES;
				CLANG_WARN_DIRECT_OBJC_ISA_USAGE = YES_ERROR;
				CLANG_WARN_DOCUMENTATION_COMMENTS = YES;
				CLANG_WARN_EMPTY_BODY = YES;
				CLANG_WARN_ENUM_CONVERSION = YES;
				CLANG_WARN_INFINITE_RECURSION = YES;
				CLANG_WARN_INT_CONVERSION = YES;
				CLANG_WARN_NON_LITERAL_NULL_CONVERSION = YES;
				CLANG_WARN_OBJC_IMPLICIT_RETAIN_SELF = YES;
				CLANG_WARN_OBJC_LITERAL_CONVERSION = YES;
				CLANG_WARN_OBJC_ROOT_CLASS = YES_ERROR;
				CLANG_WARN_QUOTED_INCLUDE_IN_FRAMEWORK_HEADER = YES;
				CLANG_WARN_RANGE_LOOP_ANALYSIS = YES;
				CLANG_WARN_STRICT_PROTOTYPES = YES;
				CLANG_WARN_SUSPICIOUS_MOVE = YES;
				CLANG_WARN_UNGUARDED_AVAILABILITY = YES_AGGRESSIVE;
				CLANG_WARN_UNREACHABLE_CODE = YES;
				CLANG_WARN__DUPLICATE_METHOD_MATCH = YES;
				COPY_PHASE_STRIP = NO;
				DEBUG_INFORMATION_FORMAT = "dwarf-with-dsym";
				ENABLE_NS_ASSERTIONS = NO;
				ENABLE_STRICT_OBJC_MSGSEND = YES;
				GCC_C_LANGUAGE_STANDARD = gnu11;
				GCC_NO_COMMON_BLOCKS = YES;
				GCC_WARN_64_TO_32_BIT_CONVERSION = YES;
				GCC_WARN_ABOUT_RETURN_TYPE = YES_ERROR;
				GCC_WARN_UNDECLARED_SELECTOR = YES;
				GCC_WARN_UNINITIALIZED_AUTOS = YES_AGGRESSIVE;
				GCC_WARN_UNUSED_FUNCTION = YES;
				GCC_WARN_UNUSED_VARIABLE = YES;
				IPHONEOS_DEPLOYMENT_TARGET = 15.5;
				MTL_ENABLE_DEBUG_INFO = NO;
				MTL_FAST_MATH = YES;
				SDKROOT = iphoneos;
				SWIFT_COMPILATION_MODE = wholemodule;
				SWIFT_OPTIMIZATION_LEVEL = "-O";
				VALIDATE_PRODUCT = YES;
			};
			name = Release;
		};
		6B39BD9A29706FB000476209 /* Debug */ = {
			isa = XCBuildConfiguration;
			buildSettings = {
				ASSETCATALOG_COMPILER_APPICON_NAME = AppIcon;
				ASSETCATALOG_COMPILER_GLOBAL_ACCENT_COLOR_NAME = AccentColor;
				CODE_SIGN_STYLE = Automatic;
				CURRENT_PROJECT_VERSION = 1;
				DEVELOPMENT_TEAM = U52XP3296U;
				GENERATE_INFOPLIST_FILE = YES;
				INFOPLIST_FILE = CorrecaoProvaiOS/Info.plist;
				INFOPLIST_KEY_UIApplicationSupportsIndirectInputEvents = YES;
				INFOPLIST_KEY_UILaunchStoryboardName = LaunchScreen;
				INFOPLIST_KEY_UISupportedInterfaceOrientations_iPad = "UIInterfaceOrientationPortrait UIInterfaceOrientationPortraitUpsideDown UIInterfaceOrientationLandscapeLeft UIInterfaceOrientationLandscapeRight";
				INFOPLIST_KEY_UISupportedInterfaceOrientations_iPhone = "UIInterfaceOrientationPortrait UIInterfaceOrientationLandscapeLeft UIInterfaceOrientationLandscapeRight";
				LD_RUNPATH_SEARCH_PATHS = (
					"$(inherited)",
					"@executable_path/Frameworks",
				);
				MARKETING_VERSION = 1.0;
				PRODUCT_BUNDLE_IDENTIFIER = br.com.zallpy.CorrecaoProvaiOS;
				PRODUCT_NAME = "$(TARGET_NAME)";
				SWIFT_EMIT_LOC_STRINGS = YES;
				SWIFT_VERSION = 5.0;
				TARGETED_DEVICE_FAMILY = "1,2";
			};
			name = Debug;
		};
		6B39BD9B29706FB000476209 /* Release */ = {
			isa = XCBuildConfiguration;
			buildSettings = {
				ASSETCATALOG_COMPILER_APPICON_NAME = AppIcon;
				ASSETCATALOG_COMPILER_GLOBAL_ACCENT_COLOR_NAME = AccentColor;
				CODE_SIGN_STYLE = Automatic;
				CURRENT_PROJECT_VERSION = 1;
				DEVELOPMENT_TEAM = U52XP3296U;
				GENERATE_INFOPLIST_FILE = YES;
				INFOPLIST_FILE = CorrecaoProvaiOS/Info.plist;
				INFOPLIST_KEY_UIApplicationSupportsIndirectInputEvents = YES;
				INFOPLIST_KEY_UILaunchStoryboardName = LaunchScreen;
				INFOPLIST_KEY_UISupportedInterfaceOrientations_iPad = "UIInterfaceOrientationPortrait UIInterfaceOrientationPortraitUpsideDown UIInterfaceOrientationLandscapeLeft UIInterfaceOrientationLandscapeRight";
				INFOPLIST_KEY_UISupportedInterfaceOrientations_iPhone = "UIInterfaceOrientationPortrait UIInterfaceOrientationLandscapeLeft UIInterfaceOrientationLandscapeRight";
				LD_RUNPATH_SEARCH_PATHS = (
					"$(inherited)",
					"@executable_path/Frameworks",
				);
				MARKETING_VERSION = 1.0;
				PRODUCT_BUNDLE_IDENTIFIER = br.com.zallpy.CorrecaoProvaiOS;
				PRODUCT_NAME = "$(TARGET_NAME)";
				SWIFT_EMIT_LOC_STRINGS = YES;
				SWIFT_VERSION = 5.0;
				TARGETED_DEVICE_FAMILY = "1,2";
			};
			name = Release;
		};
/* End XCBuildConfiguration section */

/* Begin XCConfigurationList section */
		6B39BD8029706FB000476209 /* Build configuration list for PBXProject "CorrecaoProvaiOS" */ = {
			isa = XCConfigurationList;
			buildConfigurations = (
				6B39BD9729706FB000476209 /* Debug */,
				6B39BD9829706FB000476209 /* Release */,
			);
			defaultConfigurationIsVisible = 0;
			defaultConfigurationName = Release;
		};
		6B39BD9929706FB000476209 /* Build configuration list for PBXNativeTarget "CorrecaoProvaiOS" */ = {
			isa = XCConfigurationList;
			buildConfigurations = (
				6B39BD9A29706FB000476209 /* Debug */,
				6B39BD9B29706FB000476209 /* Release */,
			);
			defaultConfigurationIsVisible = 0;
			defaultConfigurationName = Release;
		};
/* End XCConfigurationList section */
	};
	rootObject = 6B39BD7D29706FB000476209 /* Project object */;
}
